
Microsoft Visual Studio Solution File, Format Version 12.00
# Visual Studio 2013
VisualStudioVersion = 12.0.31101.0
MinimumVisualStudioVersion = 10.0.40219.1
Project("{FAE04EC0-301F-11D3-BF4B-00C04F79EFBC}") = "RemittaMVC", "RemittaMVC\RemittaMVC.csproj", "{53A86187-30A7-42D8-AF9A-56D0771A3F34}"
EndProject
Global
	GlobalSection(SolutionConfigurationPlatforms) = preSolution
		Debug|Any CPU = Debug|Any CPU
		Release|Any CPU = Release|Any CPU
	EndGlobalSection
	GlobalSection(ProjectConfigurationPlatforms) = postSolution
		{53A86187-30A7-42D8-AF9A-56D0771A3F34}.Debug|Any CPU.ActiveCfg = Debug|Any CPU
		{53A86187-30A7-42D8-AF9A-56D0771A3F34}.Debug|Any CPU.Build.0 = Debug|Any CPU
		{53A86187-30A7-42D8-AF9A-56D0771A3F34}.Release|Any CPU.ActiveCfg = Release|Any CPU
		{53A86187-30A7-42D8-AF9A-56D0771A3F34}.Release|Any CPU.Build.0 = Release|Any CPU
	EndGlobalSection
	GlobalSection(SolutionProperties) = preSolution
		HideSolutionNode = FALSE
	EndGlobalSection
EndGlobal
